// !$*UTF8*$!
{
	archiveVersion = 1;
	classes = {
	};
	objectVersion = 50;
	objects = {

/* Begin PBXBuildFile section */
		8005B8A0215228E600CDCF29 /* AppDelegate.swift in Sources */ = {isa = PBXBuildFile; fileRef = 8005B89F215228E600CDCF29 /* AppDelegate.swift */; };
		8005B8A2215228E600CDCF29 /* SideMenuViewController.swift in Sources */ = {isa = PBXBuildFile; fileRef = 8005B8A1215228E600CDCF29 /* SideMenuViewController.swift */; };
		8005B8A5215228E600CDCF29 /* Main.storyboard in Resources */ = {isa = PBXBuildFile; fileRef = 8005B8A3215228E600CDCF29 /* Main.storyboard */; };
		8005B8A7215228E900CDCF29 /* Assets.xcassets in Resources */ = {isa = PBXBuildFile; fileRef = 8005B8A6215228E900CDCF29 /* Assets.xcassets */; };
		8005B8AA215228E900CDCF29 /* LaunchScreen.storyboard in Resources */ = {isa = PBXBuildFile; fileRef = 8005B8A8215228E900CDCF29 /* LaunchScreen.storyboard */; };
		8005B8B221523C9700CDCF29 /* MoreViewController.swift in Sources */ = {isa = PBXBuildFile; fileRef = 8005B8B121523C9700CDCF29 /* MoreViewController.swift */; };
/* End PBXBuildFile section */

/* Begin PBXFileReference section */
		8005B89C215228E600CDCF29 /* AutoLayout1.app */ = {isa = PBXFileReference; explicitFileType = wrapper.application; includeInIndex = 0; path = AutoLayout1.app; sourceTree = BUILT_PRODUCTS_DIR; };
		8005B89F215228E600CDCF29 /* AppDelegate.swift */ = {isa = PBXFileReference; lastKnownFileType = sourcecode.swift; path = AppDelegate.swift; sourceTree = "<group>"; };
		8005B8A1215228E600CDCF29 /* SideMenuViewController.swift */ = {isa = PBXFileReference; lastKnownFileType = sourcecode.swift; path = SideMenuViewController.swift; sourceTree = "<group>"; };
		8005B8A4215228E600CDCF29 /* Base */ = {isa = PBXFileReference; lastKnownFileType = file.storyboard; name = Base; path = Base.lproj/Main.storyboard; sourceTree = "<group>"; };
		8005B8A6215228E900CDCF29 /* Assets.xcassets */ = {isa = PBXFileReference; lastKnownFileType = folder.assetcatalog; path = Assets.xcassets; sourceTree = "<group>"; };
		8005B8A9215228E900CDCF29 /* Base */ = {isa = PBXFileReference; lastKnownFileType = file.storyboard; name = Base; path = Base.lproj/LaunchScreen.storyboard; sourceTree = "<group>"; };
		8005B8AB215228E900CDCF29 /* Info.plist */ = {isa = PBXFileReference; lastKnownFileType = text.plist.xml; path = Info.plist; sourceTree = "<group>"; };
		8005B8B121523C9700CDCF29 /* MoreViewController.swift */ = {isa = PBXFileReference; lastKnownFileType = sourcecode.swift; path = MoreViewController.swift; sourceTree = "<group>"; };
/* End PBXFileReference section */

/* Begin PBXFrameworksBuildPhase section */
		8005B899215228E600CDCF29 /* Frameworks */ = {
			isa = PBXFrameworksBuildPhase;
			buildActionMask = 2147483647;
			files = (
			);
			runOnlyForDeploymentPostprocessing = 0;
		};
/* End PBXFrameworksBuildPhase section */

/* Begin PBXGroup section */
		8005B893215228E600CDCF29 = {
			isa = PBXGroup;
			children = (
				8005B89E215228E600CDCF29 /* AutoLayout1 */,
				8005B89D215228E600CDCF29 /* Products */,
			);
			sourceTree = "<group>";
		};
		8005B89D215228E600CDCF29 /* Products */ = {
			isa = PBXGroup;
			children = (
				8005B89C215228E600CDCF29 /* AutoLayout1.app */,
			);
			name = Products;
			sourceTree = "<group>";
		};
		8005B89E215228E600CDCF29 /* AutoLayout1 */ = {
			isa = PBXGroup;
			children = (
				8005B89F215228E600CDCF29 /* AppDelegate.swift */,
				8005B8A1215228E600CDCF29 /* SideMenuViewController.swift */,
				8005B8B121523C9700CDCF29 /* MoreViewController.swift */,
				8005B8A3215228E600CDCF29 /* Main.storyboard */,
				8005B8A6215228E900CDCF29 /* Assets.xcassets */,
				8005B8A8215228E900CDCF29 /* LaunchScreen.storyboard */,
				8005B8AB215228E900CDCF29 /* Info.plist */,
			);
			path = AutoLayout1;
			sourceTree = "<group>";
		};
/* End PBXGroup section */

/* Begin PBXNativeTarget section */
		8005B89B215228E600CDCF29 /* AutoLayout1 */ = {
			isa = PBXNativeTarget;
			buildConfigurationList = 8005B8AE215228E900CDCF29 /* Build configuration list for PBXNativeTarget "AutoLayout1" */;
			buildPhases = (
				8005B898215228E600CDCF29 /* Sources */,
				8005B899215228E600CDCF29 /* Frameworks */,
				8005B89A215228E600CDCF29 /* Resources */,
			);
			buildRules = (
			);
			dependencies = (
			);
			name = AutoLayout1;
			productName = AutoLayout1;
			productReference = 8005B89C215228E600CDCF29 /* AutoLayout1.app */;
			productType = "com.apple.product-type.application";
		};
/* End PBXNativeTarget section */

/* Begin PBXProject section */
		8005B894215228E600CDCF29 /* Project object */ = {
			isa = PBXProject;
			attributes = {
				LastSwiftUpdateCheck = 1000;
				LastUpgradeCheck = 1000;
				ORGANIZATIONNAME = Vova;
				TargetAttributes = {
					8005B89B215228E600CDCF29 = {
						CreatedOnToolsVersion = 10.0;
					};
				};
			};
			buildConfigurationList = 8005B897215228E600CDCF29 /* Build configuration list for PBXProject "AutoLayout1" */;
			compatibilityVersion = "Xcode 9.3";
			developmentRegion = en;
			hasScannedForEncodings = 0;
			knownRegions = (
				en,
				Base,
			);
			mainGroup = 8005B893215228E600CDCF29;
			productRefGroup = 8005B89D215228E600CDCF29 /* Products */;
			projectDirPath = "";
			projectRoot = "";
			targets = (
				8005B89B215228E600CDCF29 /* AutoLayout1 */,
			);
		};
/* End PBXProject section */

/* Begin PBXResourcesBuildPhase section */
		8005B89A215228E600CDCF29 /* Resources */ = {
			isa = PBXResourcesBuildPhase;
			buildActionMask = 2147483647;
			files = (
				8005B8AA215228E900CDCF29 /* LaunchScreen.storyboard in Resources */,
				8005B8A7215228E900CDCF29 /* Assets.xcassets in Resources */,
				8005B8A5215228E600CDCF29 /* Main.storyboard in Resources */,
			);
			runOnlyForDeploymentPostprocessing = 0;
		};
/* End PBXResourcesBuildPhase section */

/* Begin PBXSourcesBuildPhase section */
		8005B898215228E600CDCF29 /* Sources */ = {
			isa = PBXSourcesBuildPhase;
			buildActionMask = 2147483647;
			files = (
				8005B8A2215228E600CDCF29 /* SideMenuViewController.swift in Sources */,
				8005B8B221523C9700CDCF29 /* MoreViewController.swift in Sources */,
				8005B8A0215228E600CDCF29 /* AppDelegate.swift in Sources */,
			);
			runOnlyForDeploymentPostprocessing = 0;
		};
/* End PBXSourcesBuildPhase section */

/* Begin PBXVariantGroup section */
		8005B8A3215228E600CDCF29 /* Main.storyboard */ = {
			isa = PBXVariantGroup;
			children = (
				8005B8A4215228E600CDCF29 /* Base */,
			);
			name = Main.storyboard;
			sourceTree = "<group>";
		};
		8005B8A8215228E900CDCF29 /* LaunchScreen.storyboard */ = {
			isa = PBXVariantGroup;
			children = (
				8005B8A9215228E900CDCF29 /* Base */,
			);
			name = LaunchScreen.storyboard;
			sourceTree = "<group>";
		};
/* End PBXVariantGroup section */

/* Begin XCBuildConfiguration section */
		8005B8AC215228E900CDCF29 /* Debug */ = {
			isa = XCBuildConfiguration;
			buildSettings = {
				ALWAYS_SEARCH_USER_PATHS = NO;
				CLANG_ANALYZER_NONNULL = YES;
				CLANG_ANALYZER_NUMBER_OBJECT_CONVERSION = YES_AGGRESSIVE;
				CLANG_CXX_LANGUAGE_STANDARD = "gnu++14";
				CLANG_CXX_LIBRARY = "libc++";
				CLANG_ENABLE_MODULES = YES;
				CLANG_ENABLE_OBJC_ARC = YES;
				CLANG_ENABLE_OBJC_WEAK = YES;
				CLANG_WARN_BLOCK_CAPTURE_AUTORELEASING = YES;
				CLANG_WARN_BOOL_CONVERSION = YES;
				CLANG_WARN_COMMA = YES;
				CLANG_WARN_CONSTANT_CONVERSION = YES;
				CLANG_WARN_DEPRECATED_OBJC_IMPLEMENTATIONS = YES;
				CLANG_WARN_DIRECT_OBJC_ISA_USAGE = YES_ERROR;
				CLANG_WARN_DOCUMENTATION_COMMENTS = YES;
				CLANG_WARN_EMPTY_BODY = YES;
				CLANG_WARN_ENUM_CONVERSION = YES;
				CLANG_WARN_INFINITE_RECURSION = YES;
				CLANG_WARN_INT_CONVERSION = YES;
				CLANG_WARN_NON_LITERAL_NULL_CONVERSION = YES;
				CLANG_WARN_OBJC_IMPLICIT_RETAIN_SELF = YES;
				CLANG_WARN_OBJC_LITERAL_CONVERSION = YES;
				CLANG_WARN_OBJC_ROOT_CLASS = YES_ERROR;
				CLANG_WARN_RANGE_LOOP_ANALYSIS = YES;
				CLANG_WARN_STRICT_PROTOTYPES = YES;
				CLANG_WARN_SUSPICIOUS_MOVE = YES;
				CLANG_WARN_UNGUARDED_AVAILABILITY = YES_AGGRESSIVE;
				CLANG_WARN_UNREACHABLE_CODE = YES;
				CLANG_WARN__DUPLICATE_METHOD_MATCH = YES;
				CODE_SIGN_IDENTITY = "iPhone Developer";
				COPY_PHASE_STRIP = NO;
				DEBUG_INFORMATION_FORMAT = dwarf;
				ENABLE_STRICT_OBJC_MSGSEND = YES;
				ENABLE_TESTABILITY = YES;
				GCC_C_LANGUAGE_STANDARD = gnu11;
				GCC_DYNAMIC_NO_PIC = NO;
				GCC_NO_COMMON_BLOCKS = YES;
				GCC_OPTIMIZATION_LEVEL = 0;
				GCC_PREPROCESSOR_DEFINITIONS = (
					"DEBUG=1",
					"$(inherited)",
				);
				GCC_WARN_64_TO_32_BIT_CONVERSION = YES;
				GCC_WARN_ABOUT_RETURN_TYPE = YES_ERROR;
				GCC_WARN_UNDECLARED_SELECTOR = YES;
				GCC_WARN_UNINITIALIZED_AUTOS = YES_AGGRESSIVE;
				GCC_WARN_UNUSED_FUNCTION = YES;
				GCC_WARN_UNUSED_VARIABLE = YES;
				IPHONEOS_DEPLOYMENT_TARGET = 12.0;
				MTL_ENABLE_DEBUG_INFO = INCLUDE_SOURCE;
				MTL_FAST_MATH = YES;
				ONLY_ACTIVE_ARCH = YES;
				SDKROOT = iphoneos;
				SWIFT_ACTIVE_COMPILATION_CONDITIONS = DEBUG;
				SWIFT_OPTIMIZATION_LEVEL = "-Onone";
			};
			name = Debug;
		};
		8005B8AD215228E900CDCF29 /* Release */ = {
			isa = XCBuildConfiguration;
			buildSettings = {
				ALWAYS_SEARCH_USER_PATHS = NO;
				CLANG_ANALYZER_NONNULL = YES;
				CLANG_ANALYZER_NUMBER_OBJECT_CONVERSION = YES_AGGRESSIVE;
				CLANG_CXX_LANGUAGE_STANDARD = "gnu++14";
				CLANG_CXX_LIBRARY = "libc++";
				CLANG_ENABLE_MODULES = YES;
				CLANG_ENABLE_OBJC_ARC = YES;
				CLANG_ENABLE_OBJC_WEAK = YES;
				CLANG_WARN_BLOCK_CAPTURE_AUTORELEASING = YES;
				CLANG_WARN_BOOL_CONVERSION = YES;
				CLANG_WARN_COMMA = YES;
				CLANG_WARN_CONSTANT_CONVERSION = YES;
				CLANG_WARN_DEPRECATED_OBJC_IMPLEMENTATIONS = YES;
				CLANG_WARN_DIRECT_OBJC_ISA_USAGE = YES_ERROR;
				CLANG_WARN_DOCUMENTATION_COMMENTS = YES;
				CLANG_WARN_EMPTY_BODY = YES;
				CLANG_WARN_ENUM_CONVERSION = YES;
				CLANG_WARN_INFINITE_RECURSION = YES;
				CLANG_WARN_INT_CONVERSION = YES;
				CLANG_WARN_NON_LITERAL_NULL_CONVERSION = YES;
				CLANG_WARN_OBJC_IMPLICIT_RETAIN_SELF = YES;
				CLANG_WARN_OBJC_LITERAL_CONVERSION = YES;
				CLANG_WARN_OBJC_ROOT_CLASS = YES_ERROR;
				CLANG_WARN_RANGE_LOOP_ANALYSIS = YES;
				CLANG_WARN_STRICT_PROTOTYPES = YES;
				CLANG_WARN_SUSPICIOUS_MOVE = YES;
				CLANG_WARN_UNGUARDED_AVAILABILITY = YES_AGGRESSIVE;
				CLANG_WARN_UNREACHABLE_CODE = YES;
				CLANG_WARN__DUPLICATE_METHOD_MATCH = YES;
				CODE_SIGN_IDENTITY = "iPhone Developer";
				COPY_PHASE_STRIP = NO;
				DEBUG_INFORMATION_FORMAT = "dwarf-with-dsym";
				ENABLE_NS_ASSERTIONS = NO;
				ENABLE_STRICT_OBJC_MSGSEND = YES;
				GCC_C_LANGUAGE_STANDARD = gnu11;
				GCC_NO_COMMON_BLOCKS = YES;
				GCC_WARN_64_TO_32_BIT_CONVERSION = YES;
				GCC_WARN_ABOUT_RETURN_TYPE = YES_ERROR;
				GCC_WARN_UNDECLARED_SELECTOR = YES;
				GCC_WARN_UNINITIALIZED_AUTOS = YES_AGGRESSIVE;
				GCC_WARN_UNUSED_FUNCTION = YES;
				GCC_WARN_UNUSED_VARIABLE = YES;
				IPHONEOS_DEPLOYMENT_TARGET = 12.0;
				MTL_ENABLE_DEBUG_INFO = NO;
				MTL_FAST_MATH = YES;
				SDKROOT = iphoneos;
				SWIFT_COMPILATION_MODE = wholemodule;
				SWIFT_OPTIMIZATION_LEVEL = "-O";
				VALIDATE_PRODUCT = YES;
			};
			name = Release;
		};
		8005B8AF215228E900CDCF29 /* Debug */ = {
			isa = XCBuildConfiguration;
			buildSettings = {
				ASSETCATALOG_COMPILER_APPICON_NAME = AppIcon;
				CODE_SIGN_STYLE = Automatic;
				DEVELOPMENT_TEAM = 34UQ9VN4VQ;
				INFOPLIST_FILE = AutoLayout1/Info.plist;
				IPHONEOS_DEPLOYMENT_TARGET = 11.4;
				LD_RUNPATH_SEARCH_PATHS = (
					"$(inherited)",
					"@executable_path/Frameworks",
				);
				PRODUCT_BUNDLE_IDENTIFIER = vr.AutoLayout1;
				PRODUCT_NAME = "$(TARGET_NAME)";
				SWIFT_VERSION = 4.2;
				TARGETED_DEVICE_FAMILY = "1,2";
			};
			name = Debug;
		};
		8005B8B0215228E900CDCF29 /* Release */ = {
			isa = XCBuildConfiguration;
			buildSettings = {
				ASSETCATALOG_COMPILER_APPICON_NAME = AppIcon;
				CODE_SIGN_STYLE = Automatic;
				DEVELOPMENT_TEAM = 34UQ9VN4VQ;
				INFOPLIST_FILE = AutoLayout1/Info.plist;
				IPHONEOS_DEPLOYMENT_TARGET = 11.4;
				LD_RUNPATH_SEARCH_PATHS = (
					"$(inherited)",
					"@executable_path/Frameworks",
				);
				PRODUCT_BUNDLE_IDENTIFIER = vr.AutoLayout1;
				PRODUCT_NAME = "$(TARGET_NAME)";
				SWIFT_VERSION = 4.2;
				TARGETED_DEVICE_FAMILY = "1,2";
			};
			name = Release;
		};
/* End XCBuildConfiguration section */

/* Begin XCConfigurationList section */
		8005B897215228E600CDCF29 /* Build configuration list for PBXProject "AutoLayout1" */ = {
			isa = XCConfigurationList;
			buildConfigurations = (
				8005B8AC215228E900CDCF29 /* Debug */,
				8005B8AD215228E900CDCF29 /* Release */,
			);
			defaultConfigurationIsVisible = 0;
			defaultConfigurationName = Release;
		};
		8005B8AE215228E900CDCF29 /* Build configuration list for PBXNativeTarget "AutoLayout1" */ = {
			isa = XCConfigurationList;
			buildConfigurations = (
				8005B8AF215228E900CDCF29 /* Debug */,
				8005B8B0215228E900CDCF29 /* Release */,
			);
			defaultConfigurationIsVisible = 0;
			defaultConfigurationName = Release;
		};
/* End XCConfigurationList section */
	};
	rootObject = 8005B894215228E600CDCF29 /* Project object */;
}
