// !$*UTF8*$!
{
	archiveVersion = 1;
	classes = {
	};
	objectVersion = 50;
	objects = {

/* Begin PBXBuildFile section */
		802684CC21368D44000D535B /* ContactTableViewCell.swift in Sources */ = {isa = PBXBuildFile; fileRef = 802684CB21368D44000D535B /* ContactTableViewCell.swift */; };
		802684CE21368FC9000D535B /* Contact.swift in Sources */ = {isa = PBXBuildFile; fileRef = 802684CD21368FC9000D535B /* Contact.swift */; };
		802684D02136951C000D535B /* Themes.swift in Sources */ = {isa = PBXBuildFile; fileRef = 802684CF2136951C000D535B /* Themes.swift */; };
		802684D22136958A000D535B /* SettingsViewController.swift in Sources */ = {isa = PBXBuildFile; fileRef = 802684D12136958A000D535B /* SettingsViewController.swift */; };
		809ABF3321359E26001EB97F /* AppDelegate.swift in Sources */ = {isa = PBXBuildFile; fileRef = 809ABF3221359E26001EB97F /* AppDelegate.swift */; };
		809ABF3521359E26001EB97F /* TableViewController.swift in Sources */ = {isa = PBXBuildFile; fileRef = 809ABF3421359E26001EB97F /* TableViewController.swift */; };
		809ABF3A21359E28001EB97F /* Assets.xcassets in Resources */ = {isa = PBXBuildFile; fileRef = 809ABF3921359E28001EB97F /* Assets.xcassets */; };
		809ABF3D21359E28001EB97F /* LaunchScreen.storyboard in Resources */ = {isa = PBXBuildFile; fileRef = 809ABF3B21359E28001EB97F /* LaunchScreen.storyboard */; };
		809F40262136A5A60090A87D /* ContactViewController.swift in Sources */ = {isa = PBXBuildFile; fileRef = 809F40252136A5A60090A87D /* ContactViewController.swift */; };
		809F40282136BFF70090A87D /* FileManagerClass.swift in Sources */ = {isa = PBXBuildFile; fileRef = 809F40272136BFF70090A87D /* FileManagerClass.swift */; };
		809F402A2136C23D0090A87D /* ErrorToThrow.swift in Sources */ = {isa = PBXBuildFile; fileRef = 809F40292136C23D0090A87D /* ErrorToThrow.swift */; };
		809F402E21380DDA0090A87D /* ImagePickerClass.swift in Sources */ = {isa = PBXBuildFile; fileRef = 809F402D21380DDA0090A87D /* ImagePickerClass.swift */; };
		809F403421391EC30090A87D /* Main.storyboard in Resources */ = {isa = PBXBuildFile; fileRef = 809F403321391EC30090A87D /* Main.storyboard */; };
/* End PBXBuildFile section */

/* Begin PBXFileReference section */
		802684CB21368D44000D535B /* ContactTableViewCell.swift */ = {isa = PBXFileReference; lastKnownFileType = sourcecode.swift; path = ContactTableViewCell.swift; sourceTree = "<group>"; };
		802684CD21368FC9000D535B /* Contact.swift */ = {isa = PBXFileReference; lastKnownFileType = sourcecode.swift; path = Contact.swift; sourceTree = "<group>"; };
		802684CF2136951C000D535B /* Themes.swift */ = {isa = PBXFileReference; lastKnownFileType = sourcecode.swift; path = Themes.swift; sourceTree = "<group>"; };
		802684D12136958A000D535B /* SettingsViewController.swift */ = {isa = PBXFileReference; lastKnownFileType = sourcecode.swift; path = SettingsViewController.swift; sourceTree = "<group>"; };
		809ABF2F21359E26001EB97F /* PhoneBook3.app */ = {isa = PBXFileReference; explicitFileType = wrapper.application; includeInIndex = 0; path = PhoneBook3.app; sourceTree = BUILT_PRODUCTS_DIR; };
		809ABF3221359E26001EB97F /* AppDelegate.swift */ = {isa = PBXFileReference; lastKnownFileType = sourcecode.swift; path = AppDelegate.swift; sourceTree = "<group>"; };
		809ABF3421359E26001EB97F /* TableViewController.swift */ = {isa = PBXFileReference; lastKnownFileType = sourcecode.swift; path = TableViewController.swift; sourceTree = "<group>"; };
		809ABF3921359E28001EB97F /* Assets.xcassets */ = {isa = PBXFileReference; lastKnownFileType = folder.assetcatalog; path = Assets.xcassets; sourceTree = "<group>"; };
		809ABF3C21359E28001EB97F /* Base */ = {isa = PBXFileReference; lastKnownFileType = file.storyboard; name = Base; path = Base.lproj/LaunchScreen.storyboard; sourceTree = "<group>"; };
		809ABF3E21359E28001EB97F /* Info.plist */ = {isa = PBXFileReference; lastKnownFileType = text.plist.xml; path = Info.plist; sourceTree = "<group>"; };
		809F40252136A5A60090A87D /* ContactViewController.swift */ = {isa = PBXFileReference; lastKnownFileType = sourcecode.swift; path = ContactViewController.swift; sourceTree = "<group>"; };
		809F40272136BFF70090A87D /* FileManagerClass.swift */ = {isa = PBXFileReference; lastKnownFileType = sourcecode.swift; path = FileManagerClass.swift; sourceTree = "<group>"; };
		809F40292136C23D0090A87D /* ErrorToThrow.swift */ = {isa = PBXFileReference; lastKnownFileType = sourcecode.swift; path = ErrorToThrow.swift; sourceTree = "<group>"; };
		809F402D21380DDA0090A87D /* ImagePickerClass.swift */ = {isa = PBXFileReference; lastKnownFileType = sourcecode.swift; path = ImagePickerClass.swift; sourceTree = "<group>"; };
		809F403321391EC30090A87D /* Main.storyboard */ = {isa = PBXFileReference; lastKnownFileType = file.storyboard; path = Main.storyboard; sourceTree = "<group>"; };
/* End PBXFileReference section */

/* Begin PBXFrameworksBuildPhase section */
		809ABF2C21359E26001EB97F /* Frameworks */ = {
			isa = PBXFrameworksBuildPhase;
			buildActionMask = 2147483647;
			files = (
			);
			runOnlyForDeploymentPostprocessing = 0;
		};
/* End PBXFrameworksBuildPhase section */

/* Begin PBXGroup section */
		809ABF2621359E26001EB97F = {
			isa = PBXGroup;
			children = (
				809ABF3121359E26001EB97F /* PhoneBook3 */,
				809ABF3021359E26001EB97F /* Products */,
			);
			sourceTree = "<group>";
		};
		809ABF3021359E26001EB97F /* Products */ = {
			isa = PBXGroup;
			children = (
				809ABF2F21359E26001EB97F /* PhoneBook3.app */,
			);
			name = Products;
			sourceTree = "<group>";
		};
		809ABF3121359E26001EB97F /* PhoneBook3 */ = {
			isa = PBXGroup;
			children = (
				809F403021385A030090A87D /* Models */,
				809F403121385A1B0090A87D /* Views */,
				809F402F213859C20090A87D /* Controllers */,
				809F403221385A860090A87D /* SupportClasses */,
				809ABF3921359E28001EB97F /* Assets.xcassets */,
				809F403321391EC30090A87D /* Main.storyboard */,
				809ABF3B21359E28001EB97F /* LaunchScreen.storyboard */,
				809ABF3E21359E28001EB97F /* Info.plist */,
			);
			path = PhoneBook3;
			sourceTree = "<group>";
		};
		809F402F213859C20090A87D /* Controllers */ = {
			isa = PBXGroup;
			children = (
				809ABF3421359E26001EB97F /* TableViewController.swift */,
				802684D12136958A000D535B /* SettingsViewController.swift */,
				809F40252136A5A60090A87D /* ContactViewController.swift */,
			);
			path = Controllers;
			sourceTree = "<group>";
		};
		809F403021385A030090A87D /* Models */ = {
			isa = PBXGroup;
			children = (
				802684CD21368FC9000D535B /* Contact.swift */,
			);
			path = Models;
			sourceTree = "<group>";
		};
		809F403121385A1B0090A87D /* Views */ = {
			isa = PBXGroup;
			children = (
				802684CB21368D44000D535B /* ContactTableViewCell.swift */,
			);
			path = Views;
			sourceTree = "<group>";
		};
		809F403221385A860090A87D /* SupportClasses */ = {
			isa = PBXGroup;
			children = (
				809ABF3221359E26001EB97F /* AppDelegate.swift */,
				809F402D21380DDA0090A87D /* ImagePickerClass.swift */,
				809F40272136BFF70090A87D /* FileManagerClass.swift */,
				802684CF2136951C000D535B /* Themes.swift */,
				809F40292136C23D0090A87D /* ErrorToThrow.swift */,
			);
			path = SupportClasses;
			sourceTree = "<group>";
		};
/* End PBXGroup section */

/* Begin PBXNativeTarget section */
		809ABF2E21359E26001EB97F /* PhoneBook3 */ = {
			isa = PBXNativeTarget;
			buildConfigurationList = 809ABF4121359E28001EB97F /* Build configuration list for PBXNativeTarget "PhoneBook3" */;
			buildPhases = (
				809ABF2B21359E26001EB97F /* Sources */,
				809ABF2C21359E26001EB97F /* Frameworks */,
				809ABF2D21359E26001EB97F /* Resources */,
			);
			buildRules = (
			);
			dependencies = (
			);
			name = PhoneBook3;
			productName = PhoneBook3;
			productReference = 809ABF2F21359E26001EB97F /* PhoneBook3.app */;
			productType = "com.apple.product-type.application";
		};
/* End PBXNativeTarget section */

/* Begin PBXProject section */
		809ABF2721359E26001EB97F /* Project object */ = {
			isa = PBXProject;
			attributes = {
				LastSwiftUpdateCheck = 0940;
				LastUpgradeCheck = 0940;
				ORGANIZATIONNAME = Vova;
				TargetAttributes = {
					809ABF2E21359E26001EB97F = {
						CreatedOnToolsVersion = 9.4.1;
					};
				};
			};
			buildConfigurationList = 809ABF2A21359E26001EB97F /* Build configuration list for PBXProject "PhoneBook3" */;
			compatibilityVersion = "Xcode 9.3";
			developmentRegion = en;
			hasScannedForEncodings = 0;
			knownRegions = (
				en,
				Base,
			);
			mainGroup = 809ABF2621359E26001EB97F;
			productRefGroup = 809ABF3021359E26001EB97F /* Products */;
			projectDirPath = "";
			projectRoot = "";
			targets = (
				809ABF2E21359E26001EB97F /* PhoneBook3 */,
			);
		};
/* End PBXProject section */

/* Begin PBXResourcesBuildPhase section */
		809ABF2D21359E26001EB97F /* Resources */ = {
			isa = PBXResourcesBuildPhase;
			buildActionMask = 2147483647;
			files = (
				809F403421391EC30090A87D /* Main.storyboard in Resources */,
				809ABF3D21359E28001EB97F /* LaunchScreen.storyboard in Resources */,
				809ABF3A21359E28001EB97F /* Assets.xcassets in Resources */,
			);
			runOnlyForDeploymentPostprocessing = 0;
		};
/* End PBXResourcesBuildPhase section */

/* Begin PBXSourcesBuildPhase section */
		809ABF2B21359E26001EB97F /* Sources */ = {
			isa = PBXSourcesBuildPhase;
			buildActionMask = 2147483647;
			files = (
				802684CE21368FC9000D535B /* Contact.swift in Sources */,
				809F40262136A5A60090A87D /* ContactViewController.swift in Sources */,
				809F402E21380DDA0090A87D /* ImagePickerClass.swift in Sources */,
				809F40282136BFF70090A87D /* FileManagerClass.swift in Sources */,
				802684CC21368D44000D535B /* ContactTableViewCell.swift in Sources */,
				809F402A2136C23D0090A87D /* ErrorToThrow.swift in Sources */,
				809ABF3521359E26001EB97F /* TableViewController.swift in Sources */,
				802684D02136951C000D535B /* Themes.swift in Sources */,
				809ABF3321359E26001EB97F /* AppDelegate.swift in Sources */,
				802684D22136958A000D535B /* SettingsViewController.swift in Sources */,
			);
			runOnlyForDeploymentPostprocessing = 0;
		};
/* End PBXSourcesBuildPhase section */

/* Begin PBXVariantGroup section */
		809ABF3B21359E28001EB97F /* LaunchScreen.storyboard */ = {
			isa = PBXVariantGroup;
			children = (
				809ABF3C21359E28001EB97F /* Base */,
			);
			name = LaunchScreen.storyboard;
			sourceTree = "<group>";
		};
/* End PBXVariantGroup section */

/* Begin XCBuildConfiguration section */
		809ABF3F21359E28001EB97F /* Debug */ = {
			isa = XCBuildConfiguration;
			buildSettings = {
				ALWAYS_SEARCH_USER_PATHS = NO;
				CLANG_ANALYZER_NONNULL = YES;
				CLANG_ANALYZER_NUMBER_OBJECT_CONVERSION = YES_AGGRESSIVE;
				CLANG_CXX_LANGUAGE_STANDARD = "gnu++14";
				CLANG_CXX_LIBRARY = "libc++";
				CLANG_ENABLE_MODULES = YES;
				CLANG_ENABLE_OBJC_ARC = YES;
				CLANG_ENABLE_OBJC_WEAK = YES;
				CLANG_WARN_BLOCK_CAPTURE_AUTORELEASING = YES;
				CLANG_WARN_BOOL_CONVERSION = YES;
				CLANG_WARN_COMMA = YES;
				CLANG_WARN_CONSTANT_CONVERSION = YES;
				CLANG_WARN_DEPRECATED_OBJC_IMPLEMENTATIONS = YES;
				CLANG_WARN_DIRECT_OBJC_ISA_USAGE = YES_ERROR;
				CLANG_WARN_DOCUMENTATION_COMMENTS = YES;
				CLANG_WARN_EMPTY_BODY = YES;
				CLANG_WARN_ENUM_CONVERSION = YES;
				CLANG_WARN_INFINITE_RECURSION = YES;
				CLANG_WARN_INT_CONVERSION = YES;
				CLANG_WARN_NON_LITERAL_NULL_CONVERSION = YES;
				CLANG_WARN_OBJC_IMPLICIT_RETAIN_SELF = YES;
				CLANG_WARN_OBJC_LITERAL_CONVERSION = YES;
				CLANG_WARN_OBJC_ROOT_CLASS = YES_ERROR;
				CLANG_WARN_RANGE_LOOP_ANALYSIS = YES;
				CLANG_WARN_STRICT_PROTOTYPES = YES;
				CLANG_WARN_SUSPICIOUS_MOVE = YES;
				CLANG_WARN_UNGUARDED_AVAILABILITY = YES_AGGRESSIVE;
				CLANG_WARN_UNREACHABLE_CODE = YES;
				CLANG_WARN__DUPLICATE_METHOD_MATCH = YES;
				CODE_SIGN_IDENTITY = "iPhone Developer";
				COPY_PHASE_STRIP = NO;
				DEBUG_INFORMATION_FORMAT = dwarf;
				ENABLE_STRICT_OBJC_MSGSEND = YES;
				ENABLE_TESTABILITY = YES;
				GCC_C_LANGUAGE_STANDARD = gnu11;
				GCC_DYNAMIC_NO_PIC = NO;
				GCC_NO_COMMON_BLOCKS = YES;
				GCC_OPTIMIZATION_LEVEL = 0;
				GCC_PREPROCESSOR_DEFINITIONS = (
					"DEBUG=1",
					"$(inherited)",
				);
				GCC_WARN_64_TO_32_BIT_CONVERSION = YES;
				GCC_WARN_ABOUT_RETURN_TYPE = YES_ERROR;
				GCC_WARN_UNDECLARED_SELECTOR = YES;
				GCC_WARN_UNINITIALIZED_AUTOS = YES_AGGRESSIVE;
				GCC_WARN_UNUSED_FUNCTION = YES;
				GCC_WARN_UNUSED_VARIABLE = YES;
				IPHONEOS_DEPLOYMENT_TARGET = 11.4;
				MTL_ENABLE_DEBUG_INFO = YES;
				ONLY_ACTIVE_ARCH = YES;
				SDKROOT = iphoneos;
				SWIFT_ACTIVE_COMPILATION_CONDITIONS = DEBUG;
				SWIFT_OPTIMIZATION_LEVEL = "-Onone";
			};
			name = Debug;
		};
		809ABF4021359E28001EB97F /* Release */ = {
			isa = XCBuildConfiguration;
			buildSettings = {
				ALWAYS_SEARCH_USER_PATHS = NO;
				CLANG_ANALYZER_NONNULL = YES;
				CLANG_ANALYZER_NUMBER_OBJECT_CONVERSION = YES_AGGRESSIVE;
				CLANG_CXX_LANGUAGE_STANDARD = "gnu++14";
				CLANG_CXX_LIBRARY = "libc++";
				CLANG_ENABLE_MODULES = YES;
				CLANG_ENABLE_OBJC_ARC = YES;
				CLANG_ENABLE_OBJC_WEAK = YES;
				CLANG_WARN_BLOCK_CAPTURE_AUTORELEASING = YES;
				CLANG_WARN_BOOL_CONVERSION = YES;
				CLANG_WARN_COMMA = YES;
				CLANG_WARN_CONSTANT_CONVERSION = YES;
				CLANG_WARN_DEPRECATED_OBJC_IMPLEMENTATIONS = YES;
				CLANG_WARN_DIRECT_OBJC_ISA_USAGE = YES_ERROR;
				CLANG_WARN_DOCUMENTATION_COMMENTS = YES;
				CLANG_WARN_EMPTY_BODY = YES;
				CLANG_WARN_ENUM_CONVERSION = YES;
				CLANG_WARN_INFINITE_RECURSION = YES;
				CLANG_WARN_INT_CONVERSION = YES;
				CLANG_WARN_NON_LITERAL_NULL_CONVERSION = YES;
				CLANG_WARN_OBJC_IMPLICIT_RETAIN_SELF = YES;
				CLANG_WARN_OBJC_LITERAL_CONVERSION = YES;
				CLANG_WARN_OBJC_ROOT_CLASS = YES_ERROR;
				CLANG_WARN_RANGE_LOOP_ANALYSIS = YES;
				CLANG_WARN_STRICT_PROTOTYPES = YES;
				CLANG_WARN_SUSPICIOUS_MOVE = YES;
				CLANG_WARN_UNGUARDED_AVAILABILITY = YES_AGGRESSIVE;
				CLANG_WARN_UNREACHABLE_CODE = YES;
				CLANG_WARN__DUPLICATE_METHOD_MATCH = YES;
				CODE_SIGN_IDENTITY = "iPhone Developer";
				COPY_PHASE_STRIP = NO;
				DEBUG_INFORMATION_FORMAT = "dwarf-with-dsym";
				ENABLE_NS_ASSERTIONS = NO;
				ENABLE_STRICT_OBJC_MSGSEND = YES;
				GCC_C_LANGUAGE_STANDARD = gnu11;
				GCC_NO_COMMON_BLOCKS = YES;
				GCC_WARN_64_TO_32_BIT_CONVERSION = YES;
				GCC_WARN_ABOUT_RETURN_TYPE = YES_ERROR;
				GCC_WARN_UNDECLARED_SELECTOR = YES;
				GCC_WARN_UNINITIALIZED_AUTOS = YES_AGGRESSIVE;
				GCC_WARN_UNUSED_FUNCTION = YES;
				GCC_WARN_UNUSED_VARIABLE = YES;
				IPHONEOS_DEPLOYMENT_TARGET = 11.4;
				MTL_ENABLE_DEBUG_INFO = NO;
				SDKROOT = iphoneos;
				SWIFT_COMPILATION_MODE = wholemodule;
				SWIFT_OPTIMIZATION_LEVEL = "-O";
				VALIDATE_PRODUCT = YES;
			};
			name = Release;
		};
		809ABF4221359E28001EB97F /* Debug */ = {
			isa = XCBuildConfiguration;
			buildSettings = {
				ASSETCATALOG_COMPILER_APPICON_NAME = AppIcon;
				CODE_SIGN_STYLE = Automatic;
				DEVELOPMENT_TEAM = 34UQ9VN4VQ;
				INFOPLIST_FILE = PhoneBook3/Info.plist;
				LD_RUNPATH_SEARCH_PATHS = (
					"$(inherited)",
					"@executable_path/Frameworks",
				);
				PRODUCT_BUNDLE_IDENTIFIER = vr.PhoneBook3;
				PRODUCT_NAME = "$(TARGET_NAME)";
				SWIFT_VERSION = 4.0;
				TARGETED_DEVICE_FAMILY = "1,2";
			};
			name = Debug;
		};
		809ABF4321359E28001EB97F /* Release */ = {
			isa = XCBuildConfiguration;
			buildSettings = {
				ASSETCATALOG_COMPILER_APPICON_NAME = AppIcon;
				CODE_SIGN_STYLE = Automatic;
				DEVELOPMENT_TEAM = 34UQ9VN4VQ;
				INFOPLIST_FILE = PhoneBook3/Info.plist;
				LD_RUNPATH_SEARCH_PATHS = (
					"$(inherited)",
					"@executable_path/Frameworks",
				);
				PRODUCT_BUNDLE_IDENTIFIER = vr.PhoneBook3;
				PRODUCT_NAME = "$(TARGET_NAME)";
				SWIFT_VERSION = 4.0;
				TARGETED_DEVICE_FAMILY = "1,2";
			};
			name = Release;
		};
/* End XCBuildConfiguration section */

/* Begin XCConfigurationList section */
		809ABF2A21359E26001EB97F /* Build configuration list for PBXProject "PhoneBook3" */ = {
			isa = XCConfigurationList;
			buildConfigurations = (
				809ABF3F21359E28001EB97F /* Debug */,
				809ABF4021359E28001EB97F /* Release */,
			);
			defaultConfigurationIsVisible = 0;
			defaultConfigurationName = Release;
		};
		809ABF4121359E28001EB97F /* Build configuration list for PBXNativeTarget "PhoneBook3" */ = {
			isa = XCConfigurationList;
			buildConfigurations = (
				809ABF4221359E28001EB97F /* Debug */,
				809ABF4321359E28001EB97F /* Release */,
			);
			defaultConfigurationIsVisible = 0;
			defaultConfigurationName = Release;
		};
/* End XCConfigurationList section */
	};
	rootObject = 809ABF2721359E26001EB97F /* Project object */;
}
