// !$*UTF8*$!
{
	archiveVersion = 1;
	classes = {
	};
	objectVersion = 50;
	objects = {

/* Begin PBXBuildFile section */
		8073E2BE217DE6FA00C380AD /* AppDelegate.swift in Sources */ = {isa = PBXBuildFile; fileRef = 8073E2BD217DE6FA00C380AD /* AppDelegate.swift */; };
		8073E2C0217DE6FA00C380AD /* ViewController.swift in Sources */ = {isa = PBXBuildFile; fileRef = 8073E2BF217DE6FA00C380AD /* ViewController.swift */; };
		8073E2C3217DE6FA00C380AD /* Main.storyboard in Resources */ = {isa = PBXBuildFile; fileRef = 8073E2C1217DE6FA00C380AD /* Main.storyboard */; };
		8073E2C5217DE6FB00C380AD /* Assets.xcassets in Resources */ = {isa = PBXBuildFile; fileRef = 8073E2C4217DE6FB00C380AD /* Assets.xcassets */; };
		8073E2C8217DE6FB00C380AD /* LaunchScreen.storyboard in Resources */ = {isa = PBXBuildFile; fileRef = 8073E2C6217DE6FB00C380AD /* LaunchScreen.storyboard */; };
		8073E2D0217DE71500C380AD /* AnimatedView.swift in Sources */ = {isa = PBXBuildFile; fileRef = 8073E2CF217DE71500C380AD /* AnimatedView.swift */; };
		8073E2D4217DEE3C00C380AD /* BackLayer.swift in Sources */ = {isa = PBXBuildFile; fileRef = 8073E2D3217DEE3C00C380AD /* BackLayer.swift */; };
		8073E2DE217E155F00C380AD /* AnimatedView.xib in Resources */ = {isa = PBXBuildFile; fileRef = 8073E2DD217E155F00C380AD /* AnimatedView.xib */; };
		8073E2E1217E214200C380AD /* CardLayer.swift in Sources */ = {isa = PBXBuildFile; fileRef = 8073E2E0217E214200C380AD /* CardLayer.swift */; };
		CE5462E8217E609F005FA82A /* card.png in Resources */ = {isa = PBXBuildFile; fileRef = CE5462E5217E609F005FA82A /* card.png */; };
		CE5462E9217E609F005FA82A /* check.png in Resources */ = {isa = PBXBuildFile; fileRef = CE5462E6217E609F005FA82A /* check.png */; };
		CE5462EA217E609F005FA82A /* phone.png in Resources */ = {isa = PBXBuildFile; fileRef = CE5462E7217E609F005FA82A /* phone.png */; };
		CE5462EC217E68B2005FA82A /* Animations.swift in Sources */ = {isa = PBXBuildFile; fileRef = CE5462EB217E68B2005FA82A /* Animations.swift */; };
		CE5462EE217E7E7A005FA82A /* CALayer+Extensions.swift in Sources */ = {isa = PBXBuildFile; fileRef = CE5462ED217E7E7A005FA82A /* CALayer+Extensions.swift */; };
		CE5462F0217E7E8E005FA82A /* UIImage+Extensions.swift in Sources */ = {isa = PBXBuildFile; fileRef = CE5462EF217E7E8E005FA82A /* UIImage+Extensions.swift */; };
		CE5462F2217E7ED0005FA82A /* PhoneLayer.swift in Sources */ = {isa = PBXBuildFile; fileRef = CE5462F1217E7ED0005FA82A /* PhoneLayer.swift */; };
		CE5462F7217E82A7005FA82A /* CheckLayer.swift in Sources */ = {isa = PBXBuildFile; fileRef = CE5462F6217E82A7005FA82A /* CheckLayer.swift */; };
/* End PBXBuildFile section */

/* Begin PBXFileReference section */
		8073E2BA217DE6FA00C380AD /* test.app */ = {isa = PBXFileReference; explicitFileType = wrapper.application; includeInIndex = 0; path = test.app; sourceTree = BUILT_PRODUCTS_DIR; };
		8073E2BD217DE6FA00C380AD /* AppDelegate.swift */ = {isa = PBXFileReference; lastKnownFileType = sourcecode.swift; path = AppDelegate.swift; sourceTree = "<group>"; };
		8073E2BF217DE6FA00C380AD /* ViewController.swift */ = {isa = PBXFileReference; lastKnownFileType = sourcecode.swift; path = ViewController.swift; sourceTree = "<group>"; };
		8073E2C2217DE6FA00C380AD /* Base */ = {isa = PBXFileReference; lastKnownFileType = file.storyboard; name = Base; path = Base.lproj/Main.storyboard; sourceTree = "<group>"; };
		8073E2C4217DE6FB00C380AD /* Assets.xcassets */ = {isa = PBXFileReference; lastKnownFileType = folder.assetcatalog; path = Assets.xcassets; sourceTree = "<group>"; };
		8073E2C7217DE6FB00C380AD /* Base */ = {isa = PBXFileReference; lastKnownFileType = file.storyboard; name = Base; path = Base.lproj/LaunchScreen.storyboard; sourceTree = "<group>"; };
		8073E2C9217DE6FB00C380AD /* Info.plist */ = {isa = PBXFileReference; lastKnownFileType = text.plist.xml; path = Info.plist; sourceTree = "<group>"; };
		8073E2CF217DE71500C380AD /* AnimatedView.swift */ = {isa = PBXFileReference; lastKnownFileType = sourcecode.swift; path = AnimatedView.swift; sourceTree = "<group>"; };
		8073E2D3217DEE3C00C380AD /* BackLayer.swift */ = {isa = PBXFileReference; lastKnownFileType = sourcecode.swift; path = BackLayer.swift; sourceTree = "<group>"; };
		8073E2DD217E155F00C380AD /* AnimatedView.xib */ = {isa = PBXFileReference; lastKnownFileType = file.xib; path = AnimatedView.xib; sourceTree = "<group>"; };
		8073E2E0217E214200C380AD /* CardLayer.swift */ = {isa = PBXFileReference; lastKnownFileType = sourcecode.swift; path = CardLayer.swift; sourceTree = "<group>"; };
		CE5462E5217E609F005FA82A /* card.png */ = {isa = PBXFileReference; lastKnownFileType = image.png; path = card.png; sourceTree = "<group>"; };
		CE5462E6217E609F005FA82A /* check.png */ = {isa = PBXFileReference; lastKnownFileType = image.png; path = check.png; sourceTree = "<group>"; };
		CE5462E7217E609F005FA82A /* phone.png */ = {isa = PBXFileReference; lastKnownFileType = image.png; path = phone.png; sourceTree = "<group>"; };
		CE5462EB217E68B2005FA82A /* Animations.swift */ = {isa = PBXFileReference; lastKnownFileType = sourcecode.swift; path = Animations.swift; sourceTree = "<group>"; };
		CE5462ED217E7E7A005FA82A /* CALayer+Extensions.swift */ = {isa = PBXFileReference; lastKnownFileType = sourcecode.swift; path = "CALayer+Extensions.swift"; sourceTree = "<group>"; };
		CE5462EF217E7E8E005FA82A /* UIImage+Extensions.swift */ = {isa = PBXFileReference; lastKnownFileType = sourcecode.swift; path = "UIImage+Extensions.swift"; sourceTree = "<group>"; };
		CE5462F1217E7ED0005FA82A /* PhoneLayer.swift */ = {isa = PBXFileReference; lastKnownFileType = sourcecode.swift; path = PhoneLayer.swift; sourceTree = "<group>"; };
		CE5462F6217E82A7005FA82A /* CheckLayer.swift */ = {isa = PBXFileReference; lastKnownFileType = sourcecode.swift; path = CheckLayer.swift; sourceTree = "<group>"; };
/* End PBXFileReference section */

/* Begin PBXFrameworksBuildPhase section */
		8073E2B7217DE6FA00C380AD /* Frameworks */ = {
			isa = PBXFrameworksBuildPhase;
			buildActionMask = 2147483647;
			files = (
			);
			runOnlyForDeploymentPostprocessing = 0;
		};
/* End PBXFrameworksBuildPhase section */

/* Begin PBXGroup section */
		8073E2B1217DE6FA00C380AD = {
			isa = PBXGroup;
			children = (
				8073E2BC217DE6FA00C380AD /* test */,
				8073E2BB217DE6FA00C380AD /* Products */,
				CE5462E5217E609F005FA82A /* card.png */,
				CE5462E6217E609F005FA82A /* check.png */,
				CE5462E7217E609F005FA82A /* phone.png */,
			);
			sourceTree = "<group>";
		};
		8073E2BB217DE6FA00C380AD /* Products */ = {
			isa = PBXGroup;
			children = (
				8073E2BA217DE6FA00C380AD /* test.app */,
			);
			name = Products;
			sourceTree = "<group>";
		};
		8073E2BC217DE6FA00C380AD /* test */ = {
			isa = PBXGroup;
			children = (
				8073E2BD217DE6FA00C380AD /* AppDelegate.swift */,
				CE5462EB217E68B2005FA82A /* Animations.swift */,
				8073E2BF217DE6FA00C380AD /* ViewController.swift */,
				CE5462F5217E820B005FA82A /* AnimatedView */,
				CE5462F3217E81CB005FA82A /* Layers */,
				CE5462F4217E81E0005FA82A /* Extensions */,
				8073E2C1217DE6FA00C380AD /* Main.storyboard */,
				8073E2C4217DE6FB00C380AD /* Assets.xcassets */,
				8073E2C6217DE6FB00C380AD /* LaunchScreen.storyboard */,
				8073E2C9217DE6FB00C380AD /* Info.plist */,
			);
			path = test;
			sourceTree = "<group>";
		};
		CE5462F3217E81CB005FA82A /* Layers */ = {
			isa = PBXGroup;
			children = (
				8073E2D3217DEE3C00C380AD /* BackLayer.swift */,
				CE5462F6217E82A7005FA82A /* CheckLayer.swift */,
				8073E2E0217E214200C380AD /* CardLayer.swift */,
				CE5462F1217E7ED0005FA82A /* PhoneLayer.swift */,
			);
			path = Layers;
			sourceTree = "<group>";
		};
		CE5462F4217E81E0005FA82A /* Extensions */ = {
			isa = PBXGroup;
			children = (
				CE5462ED217E7E7A005FA82A /* CALayer+Extensions.swift */,
				CE5462EF217E7E8E005FA82A /* UIImage+Extensions.swift */,
			);
			path = Extensions;
			sourceTree = "<group>";
		};
		CE5462F5217E820B005FA82A /* AnimatedView */ = {
			isa = PBXGroup;
			children = (
				8073E2CF217DE71500C380AD /* AnimatedView.swift */,
				8073E2DD217E155F00C380AD /* AnimatedView.xib */,
			);
			path = AnimatedView;
			sourceTree = "<group>";
		};
/* End PBXGroup section */

/* Begin PBXNativeTarget section */
		8073E2B9217DE6FA00C380AD /* test */ = {
			isa = PBXNativeTarget;
			buildConfigurationList = 8073E2CC217DE6FB00C380AD /* Build configuration list for PBXNativeTarget "test" */;
			buildPhases = (
				8073E2B6217DE6FA00C380AD /* Sources */,
				8073E2B7217DE6FA00C380AD /* Frameworks */,
				8073E2B8217DE6FA00C380AD /* Resources */,
			);
			buildRules = (
			);
			dependencies = (
			);
			name = test;
			productName = test;
			productReference = 8073E2BA217DE6FA00C380AD /* test.app */;
			productType = "com.apple.product-type.application";
		};
/* End PBXNativeTarget section */

/* Begin PBXProject section */
		8073E2B2217DE6FA00C380AD /* Project object */ = {
			isa = PBXProject;
			attributes = {
				LastSwiftUpdateCheck = 1000;
				LastUpgradeCheck = 1000;
				ORGANIZATIONNAME = Vova;
				TargetAttributes = {
					8073E2B9217DE6FA00C380AD = {
						CreatedOnToolsVersion = 10.0;
					};
				};
			};
			buildConfigurationList = 8073E2B5217DE6FA00C380AD /* Build configuration list for PBXProject "test" */;
			compatibilityVersion = "Xcode 9.3";
			developmentRegion = en;
			hasScannedForEncodings = 0;
			knownRegions = (
				en,
				Base,
			);
			mainGroup = 8073E2B1217DE6FA00C380AD;
			productRefGroup = 8073E2BB217DE6FA00C380AD /* Products */;
			projectDirPath = "";
			projectRoot = "";
			targets = (
				8073E2B9217DE6FA00C380AD /* test */,
			);
		};
/* End PBXProject section */

/* Begin PBXResourcesBuildPhase section */
		8073E2B8217DE6FA00C380AD /* Resources */ = {
			isa = PBXResourcesBuildPhase;
			buildActionMask = 2147483647;
			files = (
				CE5462E9217E609F005FA82A /* check.png in Resources */,
				8073E2C8217DE6FB00C380AD /* LaunchScreen.storyboard in Resources */,
				CE5462E8217E609F005FA82A /* card.png in Resources */,
				CE5462EA217E609F005FA82A /* phone.png in Resources */,
				8073E2C5217DE6FB00C380AD /* Assets.xcassets in Resources */,
				8073E2DE217E155F00C380AD /* AnimatedView.xib in Resources */,
				8073E2C3217DE6FA00C380AD /* Main.storyboard in Resources */,
			);
			runOnlyForDeploymentPostprocessing = 0;
		};
/* End PBXResourcesBuildPhase section */

/* Begin PBXSourcesBuildPhase section */
		8073E2B6217DE6FA00C380AD /* Sources */ = {
			isa = PBXSourcesBuildPhase;
			buildActionMask = 2147483647;
			files = (
				8073E2C0217DE6FA00C380AD /* ViewController.swift in Sources */,
				8073E2D0217DE71500C380AD /* AnimatedView.swift in Sources */,
				CE5462F7217E82A7005FA82A /* CheckLayer.swift in Sources */,
				CE5462EC217E68B2005FA82A /* Animations.swift in Sources */,
				8073E2BE217DE6FA00C380AD /* AppDelegate.swift in Sources */,
				CE5462EE217E7E7A005FA82A /* CALayer+Extensions.swift in Sources */,
				8073E2D4217DEE3C00C380AD /* BackLayer.swift in Sources */,
				8073E2E1217E214200C380AD /* CardLayer.swift in Sources */,
				CE5462F0217E7E8E005FA82A /* UIImage+Extensions.swift in Sources */,
				CE5462F2217E7ED0005FA82A /* PhoneLayer.swift in Sources */,
			);
			runOnlyForDeploymentPostprocessing = 0;
		};
/* End PBXSourcesBuildPhase section */

/* Begin PBXVariantGroup section */
		8073E2C1217DE6FA00C380AD /* Main.storyboard */ = {
			isa = PBXVariantGroup;
			children = (
				8073E2C2217DE6FA00C380AD /* Base */,
			);
			name = Main.storyboard;
			sourceTree = "<group>";
		};
		8073E2C6217DE6FB00C380AD /* LaunchScreen.storyboard */ = {
			isa = PBXVariantGroup;
			children = (
				8073E2C7217DE6FB00C380AD /* Base */,
			);
			name = LaunchScreen.storyboard;
			sourceTree = "<group>";
		};
/* End PBXVariantGroup section */

/* Begin XCBuildConfiguration section */
		8073E2CA217DE6FB00C380AD /* Debug */ = {
			isa = XCBuildConfiguration;
			buildSettings = {
				ALWAYS_SEARCH_USER_PATHS = NO;
				CLANG_ANALYZER_NONNULL = YES;
				CLANG_ANALYZER_NUMBER_OBJECT_CONVERSION = YES_AGGRESSIVE;
				CLANG_CXX_LANGUAGE_STANDARD = "gnu++14";
				CLANG_CXX_LIBRARY = "libc++";
				CLANG_ENABLE_MODULES = YES;
				CLANG_ENABLE_OBJC_ARC = YES;
				CLANG_ENABLE_OBJC_WEAK = YES;
				CLANG_WARN_BLOCK_CAPTURE_AUTORELEASING = YES;
				CLANG_WARN_BOOL_CONVERSION = YES;
				CLANG_WARN_COMMA = YES;
				CLANG_WARN_CONSTANT_CONVERSION = YES;
				CLANG_WARN_DEPRECATED_OBJC_IMPLEMENTATIONS = YES;
				CLANG_WARN_DIRECT_OBJC_ISA_USAGE = YES_ERROR;
				CLANG_WARN_DOCUMENTATION_COMMENTS = YES;
				CLANG_WARN_EMPTY_BODY = YES;
				CLANG_WARN_ENUM_CONVERSION = YES;
				CLANG_WARN_INFINITE_RECURSION = YES;
				CLANG_WARN_INT_CONVERSION = YES;
				CLANG_WARN_NON_LITERAL_NULL_CONVERSION = YES;
				CLANG_WARN_OBJC_IMPLICIT_RETAIN_SELF = YES;
				CLANG_WARN_OBJC_LITERAL_CONVERSION = YES;
				CLANG_WARN_OBJC_ROOT_CLASS = YES_ERROR;
				CLANG_WARN_RANGE_LOOP_ANALYSIS = YES;
				CLANG_WARN_STRICT_PROTOTYPES = YES;
				CLANG_WARN_SUSPICIOUS_MOVE = YES;
				CLANG_WARN_UNGUARDED_AVAILABILITY = YES_AGGRESSIVE;
				CLANG_WARN_UNREACHABLE_CODE = YES;
				CLANG_WARN__DUPLICATE_METHOD_MATCH = YES;
				CODE_SIGN_IDENTITY = "iPhone Developer";
				COPY_PHASE_STRIP = NO;
				DEBUG_INFORMATION_FORMAT = dwarf;
				ENABLE_STRICT_OBJC_MSGSEND = YES;
				ENABLE_TESTABILITY = YES;
				GCC_C_LANGUAGE_STANDARD = gnu11;
				GCC_DYNAMIC_NO_PIC = NO;
				GCC_NO_COMMON_BLOCKS = YES;
				GCC_OPTIMIZATION_LEVEL = 0;
				GCC_PREPROCESSOR_DEFINITIONS = (
					"DEBUG=1",
					"$(inherited)",
				);
				GCC_WARN_64_TO_32_BIT_CONVERSION = YES;
				GCC_WARN_ABOUT_RETURN_TYPE = YES_ERROR;
				GCC_WARN_UNDECLARED_SELECTOR = YES;
				GCC_WARN_UNINITIALIZED_AUTOS = YES_AGGRESSIVE;
				GCC_WARN_UNUSED_FUNCTION = YES;
				GCC_WARN_UNUSED_VARIABLE = YES;
				IPHONEOS_DEPLOYMENT_TARGET = 12.0;
				MTL_ENABLE_DEBUG_INFO = INCLUDE_SOURCE;
				MTL_FAST_MATH = YES;
				ONLY_ACTIVE_ARCH = YES;
				SDKROOT = iphoneos;
				SWIFT_ACTIVE_COMPILATION_CONDITIONS = DEBUG;
				SWIFT_OPTIMIZATION_LEVEL = "-Onone";
			};
			name = Debug;
		};
		8073E2CB217DE6FB00C380AD /* Release */ = {
			isa = XCBuildConfiguration;
			buildSettings = {
				ALWAYS_SEARCH_USER_PATHS = NO;
				CLANG_ANALYZER_NONNULL = YES;
				CLANG_ANALYZER_NUMBER_OBJECT_CONVERSION = YES_AGGRESSIVE;
				CLANG_CXX_LANGUAGE_STANDARD = "gnu++14";
				CLANG_CXX_LIBRARY = "libc++";
				CLANG_ENABLE_MODULES = YES;
				CLANG_ENABLE_OBJC_ARC = YES;
				CLANG_ENABLE_OBJC_WEAK = YES;
				CLANG_WARN_BLOCK_CAPTURE_AUTORELEASING = YES;
				CLANG_WARN_BOOL_CONVERSION = YES;
				CLANG_WARN_COMMA = YES;
				CLANG_WARN_CONSTANT_CONVERSION = YES;
				CLANG_WARN_DEPRECATED_OBJC_IMPLEMENTATIONS = YES;
				CLANG_WARN_DIRECT_OBJC_ISA_USAGE = YES_ERROR;
				CLANG_WARN_DOCUMENTATION_COMMENTS = YES;
				CLANG_WARN_EMPTY_BODY = YES;
				CLANG_WARN_ENUM_CONVERSION = YES;
				CLANG_WARN_INFINITE_RECURSION = YES;
				CLANG_WARN_INT_CONVERSION = YES;
				CLANG_WARN_NON_LITERAL_NULL_CONVERSION = YES;
				CLANG_WARN_OBJC_IMPLICIT_RETAIN_SELF = YES;
				CLANG_WARN_OBJC_LITERAL_CONVERSION = YES;
				CLANG_WARN_OBJC_ROOT_CLASS = YES_ERROR;
				CLANG_WARN_RANGE_LOOP_ANALYSIS = YES;
				CLANG_WARN_STRICT_PROTOTYPES = YES;
				CLANG_WARN_SUSPICIOUS_MOVE = YES;
				CLANG_WARN_UNGUARDED_AVAILABILITY = YES_AGGRESSIVE;
				CLANG_WARN_UNREACHABLE_CODE = YES;
				CLANG_WARN__DUPLICATE_METHOD_MATCH = YES;
				CODE_SIGN_IDENTITY = "iPhone Developer";
				COPY_PHASE_STRIP = NO;
				DEBUG_INFORMATION_FORMAT = "dwarf-with-dsym";
				ENABLE_NS_ASSERTIONS = NO;
				ENABLE_STRICT_OBJC_MSGSEND = YES;
				GCC_C_LANGUAGE_STANDARD = gnu11;
				GCC_NO_COMMON_BLOCKS = YES;
				GCC_WARN_64_TO_32_BIT_CONVERSION = YES;
				GCC_WARN_ABOUT_RETURN_TYPE = YES_ERROR;
				GCC_WARN_UNDECLARED_SELECTOR = YES;
				GCC_WARN_UNINITIALIZED_AUTOS = YES_AGGRESSIVE;
				GCC_WARN_UNUSED_FUNCTION = YES;
				GCC_WARN_UNUSED_VARIABLE = YES;
				IPHONEOS_DEPLOYMENT_TARGET = 12.0;
				MTL_ENABLE_DEBUG_INFO = NO;
				MTL_FAST_MATH = YES;
				SDKROOT = iphoneos;
				SWIFT_COMPILATION_MODE = wholemodule;
				SWIFT_OPTIMIZATION_LEVEL = "-O";
				VALIDATE_PRODUCT = YES;
			};
			name = Release;
		};
		8073E2CD217DE6FB00C380AD /* Debug */ = {
			isa = XCBuildConfiguration;
			buildSettings = {
				ASSETCATALOG_COMPILER_APPICON_NAME = AppIcon;
				CODE_SIGN_STYLE = Automatic;
				DEVELOPMENT_TEAM = 34UQ9VN4VQ;
				INFOPLIST_FILE = test/Info.plist;
				LD_RUNPATH_SEARCH_PATHS = (
					"$(inherited)",
					"@executable_path/Frameworks",
				);
				PRODUCT_BUNDLE_IDENTIFIER = work.test;
				PRODUCT_NAME = "$(TARGET_NAME)";
				SWIFT_VERSION = 4.2;
				TARGETED_DEVICE_FAMILY = "1,2";
			};
			name = Debug;
		};
		8073E2CE217DE6FB00C380AD /* Release */ = {
			isa = XCBuildConfiguration;
			buildSettings = {
				ASSETCATALOG_COMPILER_APPICON_NAME = AppIcon;
				CODE_SIGN_STYLE = Automatic;
				DEVELOPMENT_TEAM = 34UQ9VN4VQ;
				INFOPLIST_FILE = test/Info.plist;
				LD_RUNPATH_SEARCH_PATHS = (
					"$(inherited)",
					"@executable_path/Frameworks",
				);
				PRODUCT_BUNDLE_IDENTIFIER = work.test;
				PRODUCT_NAME = "$(TARGET_NAME)";
				SWIFT_VERSION = 4.2;
				TARGETED_DEVICE_FAMILY = "1,2";
			};
			name = Release;
		};
/* End XCBuildConfiguration section */

/* Begin XCConfigurationList section */
		8073E2B5217DE6FA00C380AD /* Build configuration list for PBXProject "test" */ = {
			isa = XCConfigurationList;
			buildConfigurations = (
				8073E2CA217DE6FB00C380AD /* Debug */,
				8073E2CB217DE6FB00C380AD /* Release */,
			);
			defaultConfigurationIsVisible = 0;
			defaultConfigurationName = Release;
		};
		8073E2CC217DE6FB00C380AD /* Build configuration list for PBXNativeTarget "test" */ = {
			isa = XCConfigurationList;
			buildConfigurations = (
				8073E2CD217DE6FB00C380AD /* Debug */,
				8073E2CE217DE6FB00C380AD /* Release */,
			);
			defaultConfigurationIsVisible = 0;
			defaultConfigurationName = Release;
		};
/* End XCConfigurationList section */
	};
	rootObject = 8073E2B2217DE6FA00C380AD /* Project object */;
}
