// !$*UTF8*$!
{
	archiveVersion = 1;
	classes = {
	};
	objectVersion = 50;
	objects = {

/* Begin PBXBuildFile section */
		CE164C312207711F00C37C23 /* WeatherView.swift in Sources */ = {isa = PBXBuildFile; fileRef = CE164C302207711F00C37C23 /* WeatherView.swift */; };
		CE164C332207731700C37C23 /* WeatherViewModel.swift in Sources */ = {isa = PBXBuildFile; fileRef = CE164C322207731700C37C23 /* WeatherViewModel.swift */; };
		CE51C0012198D73D00C34CCA /* AppDelegate.swift in Sources */ = {isa = PBXBuildFile; fileRef = CE51C0002198D73D00C34CCA /* AppDelegate.swift */; };
		CE51C0032198D73D00C34CCA /* RootViewController.swift in Sources */ = {isa = PBXBuildFile; fileRef = CE51C0022198D73D00C34CCA /* RootViewController.swift */; };
		CE51C0062198D73D00C34CCA /* Main.storyboard in Resources */ = {isa = PBXBuildFile; fileRef = CE51C0042198D73D00C34CCA /* Main.storyboard */; };
		CE51C0082198D73F00C34CCA /* Assets.xcassets in Resources */ = {isa = PBXBuildFile; fileRef = CE51C0072198D73F00C34CCA /* Assets.xcassets */; };
		CE51C00B2198D73F00C34CCA /* LaunchScreen.storyboard in Resources */ = {isa = PBXBuildFile; fileRef = CE51C0092198D73F00C34CCA /* LaunchScreen.storyboard */; };
		CE51C0132198DDF900C34CCA /* WeatherModel.swift in Sources */ = {isa = PBXBuildFile; fileRef = CE51C0122198DDF900C34CCA /* WeatherModel.swift */; };
		CE51C0152198F55100C34CCA /* Network.swift in Sources */ = {isa = PBXBuildFile; fileRef = CE51C0142198F55100C34CCA /* Network.swift */; };
/* End PBXBuildFile section */

/* Begin PBXFileReference section */
		CE164C302207711F00C37C23 /* WeatherView.swift */ = {isa = PBXFileReference; lastKnownFileType = sourcecode.swift; path = WeatherView.swift; sourceTree = "<group>"; };
		CE164C322207731700C37C23 /* WeatherViewModel.swift */ = {isa = PBXFileReference; lastKnownFileType = sourcecode.swift; path = WeatherViewModel.swift; sourceTree = "<group>"; };
		CE51BFFD2198D73D00C34CCA /* WeatherApp.app */ = {isa = PBXFileReference; explicitFileType = wrapper.application; includeInIndex = 0; path = WeatherApp.app; sourceTree = BUILT_PRODUCTS_DIR; };
		CE51C0002198D73D00C34CCA /* AppDelegate.swift */ = {isa = PBXFileReference; lastKnownFileType = sourcecode.swift; path = AppDelegate.swift; sourceTree = "<group>"; };
		CE51C0022198D73D00C34CCA /* RootViewController.swift */ = {isa = PBXFileReference; lastKnownFileType = sourcecode.swift; path = RootViewController.swift; sourceTree = "<group>"; };
		CE51C0052198D73D00C34CCA /* Base */ = {isa = PBXFileReference; lastKnownFileType = file.storyboard; name = Base; path = Base.lproj/Main.storyboard; sourceTree = "<group>"; };
		CE51C0072198D73F00C34CCA /* Assets.xcassets */ = {isa = PBXFileReference; lastKnownFileType = folder.assetcatalog; path = Assets.xcassets; sourceTree = "<group>"; };
		CE51C00A2198D73F00C34CCA /* Base */ = {isa = PBXFileReference; lastKnownFileType = file.storyboard; name = Base; path = Base.lproj/LaunchScreen.storyboard; sourceTree = "<group>"; };
		CE51C00C2198D73F00C34CCA /* Info.plist */ = {isa = PBXFileReference; lastKnownFileType = text.plist.xml; path = Info.plist; sourceTree = "<group>"; };
		CE51C0122198DDF900C34CCA /* WeatherModel.swift */ = {isa = PBXFileReference; lastKnownFileType = sourcecode.swift; path = WeatherModel.swift; sourceTree = "<group>"; };
		CE51C0142198F55100C34CCA /* Network.swift */ = {isa = PBXFileReference; lastKnownFileType = sourcecode.swift; path = Network.swift; sourceTree = "<group>"; };
/* End PBXFileReference section */

/* Begin PBXFrameworksBuildPhase section */
		CE51BFFA2198D73D00C34CCA /* Frameworks */ = {
			isa = PBXFrameworksBuildPhase;
			buildActionMask = 2147483647;
			files = (
			);
			runOnlyForDeploymentPostprocessing = 0;
		};
/* End PBXFrameworksBuildPhase section */

/* Begin PBXGroup section */
		8051660821AEEB71005275B1 /* Model */ = {
			isa = PBXGroup;
			children = (
				CE51C0122198DDF900C34CCA /* WeatherModel.swift */,
			);
			path = Model;
			sourceTree = "<group>";
		};
		8051660921AEEB9B005275B1 /* View+Controller */ = {
			isa = PBXGroup;
			children = (
				CE51C0022198D73D00C34CCA /* RootViewController.swift */,
				CE164C302207711F00C37C23 /* WeatherView.swift */,
				CE164C322207731700C37C23 /* WeatherViewModel.swift */,
			);
			path = "View+Controller";
			sourceTree = "<group>";
		};
		8051660C21AEF3D8005275B1 /* Services */ = {
			isa = PBXGroup;
			children = (
				CE51C0142198F55100C34CCA /* Network.swift */,
			);
			path = Services;
			sourceTree = "<group>";
		};
		CE51BFF42198D73D00C34CCA = {
			isa = PBXGroup;
			children = (
				CE51BFFF2198D73D00C34CCA /* WeatherApp */,
				CE51BFFE2198D73D00C34CCA /* Products */,
			);
			sourceTree = "<group>";
		};
		CE51BFFE2198D73D00C34CCA /* Products */ = {
			isa = PBXGroup;
			children = (
				CE51BFFD2198D73D00C34CCA /* WeatherApp.app */,
			);
			name = Products;
			sourceTree = "<group>";
		};
		CE51BFFF2198D73D00C34CCA /* WeatherApp */ = {
			isa = PBXGroup;
			children = (
				CE51C0002198D73D00C34CCA /* AppDelegate.swift */,
				8051660821AEEB71005275B1 /* Model */,
				8051660921AEEB9B005275B1 /* View+Controller */,
				8051660C21AEF3D8005275B1 /* Services */,
				CE51C0042198D73D00C34CCA /* Main.storyboard */,
				CE51C0072198D73F00C34CCA /* Assets.xcassets */,
				CE51C0092198D73F00C34CCA /* LaunchScreen.storyboard */,
				CE51C00C2198D73F00C34CCA /* Info.plist */,
			);
			path = WeatherApp;
			sourceTree = "<group>";
		};
/* End PBXGroup section */

/* Begin PBXNativeTarget section */
		CE51BFFC2198D73D00C34CCA /* WeatherApp */ = {
			isa = PBXNativeTarget;
			buildConfigurationList = CE51C00F2198D73F00C34CCA /* Build configuration list for PBXNativeTarget "WeatherApp" */;
			buildPhases = (
				CE51BFF92198D73D00C34CCA /* Sources */,
				CE51BFFA2198D73D00C34CCA /* Frameworks */,
				CE51BFFB2198D73D00C34CCA /* Resources */,
			);
			buildRules = (
			);
			dependencies = (
			);
			name = WeatherApp;
			productName = WeatherApp;
			productReference = CE51BFFD2198D73D00C34CCA /* WeatherApp.app */;
			productType = "com.apple.product-type.application";
		};
/* End PBXNativeTarget section */

/* Begin PBXProject section */
		CE51BFF52198D73D00C34CCA /* Project object */ = {
			isa = PBXProject;
			attributes = {
				LastSwiftUpdateCheck = 1010;
				LastUpgradeCheck = 1010;
				ORGANIZATIONNAME = user;
				TargetAttributes = {
					CE51BFFC2198D73D00C34CCA = {
						CreatedOnToolsVersion = 10.1;
					};
				};
			};
			buildConfigurationList = CE51BFF82198D73D00C34CCA /* Build configuration list for PBXProject "WeatherApp" */;
			compatibilityVersion = "Xcode 9.3";
			developmentRegion = en;
			hasScannedForEncodings = 0;
			knownRegions = (
				en,
				Base,
			);
			mainGroup = CE51BFF42198D73D00C34CCA;
			productRefGroup = CE51BFFE2198D73D00C34CCA /* Products */;
			projectDirPath = "";
			projectRoot = "";
			targets = (
				CE51BFFC2198D73D00C34CCA /* WeatherApp */,
			);
		};
/* End PBXProject section */

/* Begin PBXResourcesBuildPhase section */
		CE51BFFB2198D73D00C34CCA /* Resources */ = {
			isa = PBXResourcesBuildPhase;
			buildActionMask = 2147483647;
			files = (
				CE51C00B2198D73F00C34CCA /* LaunchScreen.storyboard in Resources */,
				CE51C0082198D73F00C34CCA /* Assets.xcassets in Resources */,
				CE51C0062198D73D00C34CCA /* Main.storyboard in Resources */,
			);
			runOnlyForDeploymentPostprocessing = 0;
		};
/* End PBXResourcesBuildPhase section */

/* Begin PBXSourcesBuildPhase section */
		CE51BFF92198D73D00C34CCA /* Sources */ = {
			isa = PBXSourcesBuildPhase;
			buildActionMask = 2147483647;
			files = (
				CE164C312207711F00C37C23 /* WeatherView.swift in Sources */,
				CE164C332207731700C37C23 /* WeatherViewModel.swift in Sources */,
				CE51C0032198D73D00C34CCA /* RootViewController.swift in Sources */,
				CE51C0132198DDF900C34CCA /* WeatherModel.swift in Sources */,
				CE51C0152198F55100C34CCA /* Network.swift in Sources */,
				CE51C0012198D73D00C34CCA /* AppDelegate.swift in Sources */,
			);
			runOnlyForDeploymentPostprocessing = 0;
		};
/* End PBXSourcesBuildPhase section */

/* Begin PBXVariantGroup section */
		CE51C0042198D73D00C34CCA /* Main.storyboard */ = {
			isa = PBXVariantGroup;
			children = (
				CE51C0052198D73D00C34CCA /* Base */,
			);
			name = Main.storyboard;
			sourceTree = "<group>";
		};
		CE51C0092198D73F00C34CCA /* LaunchScreen.storyboard */ = {
			isa = PBXVariantGroup;
			children = (
				CE51C00A2198D73F00C34CCA /* Base */,
			);
			name = LaunchScreen.storyboard;
			sourceTree = "<group>";
		};
/* End PBXVariantGroup section */

/* Begin XCBuildConfiguration section */
		CE51C00D2198D73F00C34CCA /* Debug */ = {
			isa = XCBuildConfiguration;
			buildSettings = {
				ALWAYS_SEARCH_USER_PATHS = NO;
				CLANG_ANALYZER_NONNULL = YES;
				CLANG_ANALYZER_NUMBER_OBJECT_CONVERSION = YES_AGGRESSIVE;
				CLANG_CXX_LANGUAGE_STANDARD = "gnu++14";
				CLANG_CXX_LIBRARY = "libc++";
				CLANG_ENABLE_MODULES = YES;
				CLANG_ENABLE_OBJC_ARC = YES;
				CLANG_ENABLE_OBJC_WEAK = YES;
				CLANG_WARN_BLOCK_CAPTURE_AUTORELEASING = YES;
				CLANG_WARN_BOOL_CONVERSION = YES;
				CLANG_WARN_COMMA = YES;
				CLANG_WARN_CONSTANT_CONVERSION = YES;
				CLANG_WARN_DEPRECATED_OBJC_IMPLEMENTATIONS = YES;
				CLANG_WARN_DIRECT_OBJC_ISA_USAGE = YES_ERROR;
				CLANG_WARN_DOCUMENTATION_COMMENTS = YES;
				CLANG_WARN_EMPTY_BODY = YES;
				CLANG_WARN_ENUM_CONVERSION = YES;
				CLANG_WARN_INFINITE_RECURSION = YES;
				CLANG_WARN_INT_CONVERSION = YES;
				CLANG_WARN_NON_LITERAL_NULL_CONVERSION = YES;
				CLANG_WARN_OBJC_IMPLICIT_RETAIN_SELF = YES;
				CLANG_WARN_OBJC_LITERAL_CONVERSION = YES;
				CLANG_WARN_OBJC_ROOT_CLASS = YES_ERROR;
				CLANG_WARN_RANGE_LOOP_ANALYSIS = YES;
				CLANG_WARN_STRICT_PROTOTYPES = YES;
				CLANG_WARN_SUSPICIOUS_MOVE = YES;
				CLANG_WARN_UNGUARDED_AVAILABILITY = YES_AGGRESSIVE;
				CLANG_WARN_UNREACHABLE_CODE = YES;
				CLANG_WARN__DUPLICATE_METHOD_MATCH = YES;
				CODE_SIGN_IDENTITY = "iPhone Developer";
				COPY_PHASE_STRIP = NO;
				DEBUG_INFORMATION_FORMAT = dwarf;
				ENABLE_STRICT_OBJC_MSGSEND = YES;
				ENABLE_TESTABILITY = YES;
				GCC_C_LANGUAGE_STANDARD = gnu11;
				GCC_DYNAMIC_NO_PIC = NO;
				GCC_NO_COMMON_BLOCKS = YES;
				GCC_OPTIMIZATION_LEVEL = 0;
				GCC_PREPROCESSOR_DEFINITIONS = (
					"DEBUG=1",
					"$(inherited)",
				);
				GCC_WARN_64_TO_32_BIT_CONVERSION = YES;
				GCC_WARN_ABOUT_RETURN_TYPE = YES_ERROR;
				GCC_WARN_UNDECLARED_SELECTOR = YES;
				GCC_WARN_UNINITIALIZED_AUTOS = YES_AGGRESSIVE;
				GCC_WARN_UNUSED_FUNCTION = YES;
				GCC_WARN_UNUSED_VARIABLE = YES;
				IPHONEOS_DEPLOYMENT_TARGET = 12.1;
				MTL_ENABLE_DEBUG_INFO = INCLUDE_SOURCE;
				MTL_FAST_MATH = YES;
				ONLY_ACTIVE_ARCH = YES;
				SDKROOT = iphoneos;
				SWIFT_ACTIVE_COMPILATION_CONDITIONS = DEBUG;
				SWIFT_OPTIMIZATION_LEVEL = "-Onone";
			};
			name = Debug;
		};
		CE51C00E2198D73F00C34CCA /* Release */ = {
			isa = XCBuildConfiguration;
			buildSettings = {
				ALWAYS_SEARCH_USER_PATHS = NO;
				CLANG_ANALYZER_NONNULL = YES;
				CLANG_ANALYZER_NUMBER_OBJECT_CONVERSION = YES_AGGRESSIVE;
				CLANG_CXX_LANGUAGE_STANDARD = "gnu++14";
				CLANG_CXX_LIBRARY = "libc++";
				CLANG_ENABLE_MODULES = YES;
				CLANG_ENABLE_OBJC_ARC = YES;
				CLANG_ENABLE_OBJC_WEAK = YES;
				CLANG_WARN_BLOCK_CAPTURE_AUTORELEASING = YES;
				CLANG_WARN_BOOL_CONVERSION = YES;
				CLANG_WARN_COMMA = YES;
				CLANG_WARN_CONSTANT_CONVERSION = YES;
				CLANG_WARN_DEPRECATED_OBJC_IMPLEMENTATIONS = YES;
				CLANG_WARN_DIRECT_OBJC_ISA_USAGE = YES_ERROR;
				CLANG_WARN_DOCUMENTATION_COMMENTS = YES;
				CLANG_WARN_EMPTY_BODY = YES;
				CLANG_WARN_ENUM_CONVERSION = YES;
				CLANG_WARN_INFINITE_RECURSION = YES;
				CLANG_WARN_INT_CONVERSION = YES;
				CLANG_WARN_NON_LITERAL_NULL_CONVERSION = YES;
				CLANG_WARN_OBJC_IMPLICIT_RETAIN_SELF = YES;
				CLANG_WARN_OBJC_LITERAL_CONVERSION = YES;
				CLANG_WARN_OBJC_ROOT_CLASS = YES_ERROR;
				CLANG_WARN_RANGE_LOOP_ANALYSIS = YES;
				CLANG_WARN_STRICT_PROTOTYPES = YES;
				CLANG_WARN_SUSPICIOUS_MOVE = YES;
				CLANG_WARN_UNGUARDED_AVAILABILITY = YES_AGGRESSIVE;
				CLANG_WARN_UNREACHABLE_CODE = YES;
				CLANG_WARN__DUPLICATE_METHOD_MATCH = YES;
				CODE_SIGN_IDENTITY = "iPhone Developer";
				COPY_PHASE_STRIP = NO;
				DEBUG_INFORMATION_FORMAT = "dwarf-with-dsym";
				ENABLE_NS_ASSERTIONS = NO;
				ENABLE_STRICT_OBJC_MSGSEND = YES;
				GCC_C_LANGUAGE_STANDARD = gnu11;
				GCC_NO_COMMON_BLOCKS = YES;
				GCC_WARN_64_TO_32_BIT_CONVERSION = YES;
				GCC_WARN_ABOUT_RETURN_TYPE = YES_ERROR;
				GCC_WARN_UNDECLARED_SELECTOR = YES;
				GCC_WARN_UNINITIALIZED_AUTOS = YES_AGGRESSIVE;
				GCC_WARN_UNUSED_FUNCTION = YES;
				GCC_WARN_UNUSED_VARIABLE = YES;
				IPHONEOS_DEPLOYMENT_TARGET = 12.1;
				MTL_ENABLE_DEBUG_INFO = NO;
				MTL_FAST_MATH = YES;
				SDKROOT = iphoneos;
				SWIFT_COMPILATION_MODE = wholemodule;
				SWIFT_OPTIMIZATION_LEVEL = "-O";
				VALIDATE_PRODUCT = YES;
			};
			name = Release;
		};
		CE51C0102198D73F00C34CCA /* Debug */ = {
			isa = XCBuildConfiguration;
			buildSettings = {
				ASSETCATALOG_COMPILER_APPICON_NAME = AppIcon;
				CODE_SIGN_IDENTITY = "iPhone Developer";
				CODE_SIGN_STYLE = Automatic;
				DEVELOPMENT_TEAM = 34UQ9VN4VQ;
				INFOPLIST_FILE = WeatherApp/Info.plist;
				LD_RUNPATH_SEARCH_PATHS = (
					"$(inherited)",
					"@executable_path/Frameworks",
				);
				PRODUCT_BUNDLE_IDENTIFIER = home.MyWeatherApp;
				PRODUCT_NAME = "$(TARGET_NAME)";
				PROVISIONING_PROFILE_SPECIFIER = "";
				SWIFT_VERSION = 4.2;
				TARGETED_DEVICE_FAMILY = "1,2";
			};
			name = Debug;
		};
		CE51C0112198D73F00C34CCA /* Release */ = {
			isa = XCBuildConfiguration;
			buildSettings = {
				ASSETCATALOG_COMPILER_APPICON_NAME = AppIcon;
				CODE_SIGN_IDENTITY = "iPhone Developer";
				CODE_SIGN_STYLE = Automatic;
				DEVELOPMENT_TEAM = 34UQ9VN4VQ;
				INFOPLIST_FILE = WeatherApp/Info.plist;
				LD_RUNPATH_SEARCH_PATHS = (
					"$(inherited)",
					"@executable_path/Frameworks",
				);
				PRODUCT_BUNDLE_IDENTIFIER = home.MyWeatherApp;
				PRODUCT_NAME = "$(TARGET_NAME)";
				PROVISIONING_PROFILE_SPECIFIER = "";
				SWIFT_VERSION = 4.2;
				TARGETED_DEVICE_FAMILY = "1,2";
			};
			name = Release;
		};
/* End XCBuildConfiguration section */

/* Begin XCConfigurationList section */
		CE51BFF82198D73D00C34CCA /* Build configuration list for PBXProject "WeatherApp" */ = {
			isa = XCConfigurationList;
			buildConfigurations = (
				CE51C00D2198D73F00C34CCA /* Debug */,
				CE51C00E2198D73F00C34CCA /* Release */,
			);
			defaultConfigurationIsVisible = 0;
			defaultConfigurationName = Release;
		};
		CE51C00F2198D73F00C34CCA /* Build configuration list for PBXNativeTarget "WeatherApp" */ = {
			isa = XCConfigurationList;
			buildConfigurations = (
				CE51C0102198D73F00C34CCA /* Debug */,
				CE51C0112198D73F00C34CCA /* Release */,
			);
			defaultConfigurationIsVisible = 0;
			defaultConfigurationName = Release;
		};
/* End XCConfigurationList section */
	};
	rootObject = CE51BFF52198D73D00C34CCA /* Project object */;
}
